
Microsoft Visual Studio Solution File, Format Version 12.00
# Visual Studio Version 17
VisualStudioVersion = 17.14.36414.22 d17.14
MinimumVisualStudioVersion = 10.0.40219.1
Project("{FAE04EC0-301F-11D3-BF4B-00C04F79EFBC}") = "UnfairTails", "UnfairTails.csproj", "{20BB061E-5909-641F-56AF-924BD88D315C}"
EndProject
Global
	GlobalSection(SolutionConfigurationPlatforms) = preSolution
		Debug|Any CPU = Debug|Any CPU
		Release|Any CPU = Release|Any CPU
	EndGlobalSection
	GlobalSection(ProjectConfigurationPlatforms) = postSolution
		{20BB061E-5909-641F-56AF-924BD88D315C}.Debug|Any CPU.ActiveCfg = Debug|Any CPU
		{20BB061E-5909-641F-56AF-924BD88D315C}.Debug|Any CPU.Build.0 = Debug|Any CPU
		{20BB061E-5909-641F-56AF-924BD88D315C}.Release|Any CPU.ActiveCfg = Release|Any CPU
		{20BB061E-5909-641F-56AF-924BD88D315C}.Release|Any CPU.Build.0 = Release|Any CPU
	EndGlobalSection
	GlobalSection(SolutionProperties) = preSolution
		HideSolutionNode = FALSE
	EndGlobalSection
	GlobalSection(ExtensibilityGlobals) = postSolution
		SolutionGuid = {3CCB9F9C-36A0-4D01-AE2F-294A7C2BAB18}
	EndGlobalSection
EndGlobal
